
Microsoft Visual Studio Solution File, Format Version 12.00
# Visual Studio Version 16
VisualStudioVersion = 16.0.29519.87
MinimumVisualStudioVersion = 10.0.40219.1
Project("{FAE04EC0-301F-11D3-BF4B-00C04F79EFBC}") = "FTPSplitUtility", "FTPSplitUtility\FTPSplitUtility.csproj", "{1E831B50-0205-428B-9073-8AC88ED64FC5}"
EndProject
Global
	GlobalSection(SolutionConfigurationPlatforms) = preSolution
		Debug|Any CPU = Debug|Any CPU
		Release|Any CPU = Release|Any CPU
	EndGlobalSection
	GlobalSection(ProjectConfigurationPlatforms) = postSolution
		{1E831B50-0205-428B-9073-8AC88ED64FC5}.Debug|Any CPU.ActiveCfg = Debug|Any CPU
		{1E831B50-0205-428B-9073-8AC88ED64FC5}.Debug|Any CPU.Build.0 = Debug|Any CPU
		{1E831B50-0205-428B-9073-8AC88ED64FC5}.Release|Any CPU.ActiveCfg = Release|Any CPU
		{1E831B50-0205-428B-9073-8AC88ED64FC5}.Release|Any CPU.Build.0 = Release|Any CPU
	EndGlobalSection
	GlobalSection(SolutionProperties) = preSolution
		HideSolutionNode = FALSE
	EndGlobalSection
	GlobalSection(ExtensibilityGlobals) = postSolution
		SolutionGuid = {54D703F4-9C3F-4472-85D7-641FA545F334}
	EndGlobalSection
EndGlobal
